name: Regenerate package-lock.json

on:
  workflow_dispatch:

jobs:
  regenerate:
    runs-on: ubuntu-latest
    steps:
      - name: Checkout repository
        uses: actions/checkout@v4

      - name: Setup Node.js
        uses: actions/setup-node@v4
        with:
          node-version: '20'

      - name: Install dependencies
        run: npm install

      - name: Commit and push changes
        run: |
          git config --local user.email 'action@github.com'
          git config --local user.name 'GitHub Action'
          git add package-lock.json
          if git diff --quiet --cached; then
            echo "No changes to commit"
          else
            git commit -m 'chore: regenerate package-lock.json'
            git push
          fi
